
Microsoft Visual Studio Solution File, Format Version 12.00
# Visual Studio Version 17
VisualStudioVersion = 17.0.31903.59
MinimumVisualStudioVersion = 10.0.40219.1
Project("{2150E333-8FDC-42A3-9474-1A3956D46DE8}") = "src", "src", "{827E0CD3-B72D-47B6-A68D-7590B98EB39B}"
EndProject
Project("{FAE04EC0-301F-11D3-BF4B-00C04F79EFBC}") = "AvaliacaoDotnet.Core", "src\AvaliacaoDotnet.Core\AvaliacaoDotnet.Core.csproj", "{F9F01363-B8BE-481E-93E6-50026957A06F}"
EndProject
Project("{FAE04EC0-301F-11D3-BF4B-00C04F79EFBC}") = "AvaliacaoDotnet.ConsoleApp", "src\AvaliacaoDotnet.ConsoleApp\AvaliacaoDotnet.ConsoleApp.csproj", "{235A2E38-06C4-4D79-8B3A-8F9960DE6CCD}"
EndProject
Project("{FAE04EC0-301F-11D3-BF4B-00C04F79EFBC}") = "AvaliacaoDotnet.Tests", "tests\AvaliacaoDotnet.Tests\AvaliacaoDotnet.Tests.csproj", "{6BDA1AE6-53B2-45D2-B059-4D670614132B}"
EndProject
Global
	GlobalSection(SolutionConfigurationPlatforms) = preSolution
		Debug|Any CPU = Debug|Any CPU
		Debug|x64 = Debug|x64
		Debug|x86 = Debug|x86
		Release|Any CPU = Release|Any CPU
		Release|x64 = Release|x64
		Release|x86 = Release|x86
	EndGlobalSection
	GlobalSection(ProjectConfigurationPlatforms) = postSolution
		{F9F01363-B8BE-481E-93E6-50026957A06F}.Debug|Any CPU.ActiveCfg = Debug|Any CPU
		{F9F01363-B8BE-481E-93E6-50026957A06F}.Debug|Any CPU.Build.0 = Debug|Any CPU
		{F9F01363-B8BE-481E-93E6-50026957A06F}.Debug|x64.ActiveCfg = Debug|Any CPU
		{F9F01363-B8BE-481E-93E6-50026957A06F}.Debug|x64.Build.0 = Debug|Any CPU
		{F9F01363-B8BE-481E-93E6-50026957A06F}.Debug|x86.ActiveCfg = Debug|Any CPU
		{F9F01363-B8BE-481E-93E6-50026957A06F}.Debug|x86.Build.0 = Debug|Any CPU
		{F9F01363-B8BE-481E-93E6-50026957A06F}.Release|Any CPU.ActiveCfg = Release|Any CPU
		{F9F01363-B8BE-481E-93E6-50026957A06F}.Release|Any CPU.Build.0 = Release|Any CPU
		{F9F01363-B8BE-481E-93E6-50026957A06F}.Release|x64.ActiveCfg = Release|Any CPU
		{F9F01363-B8BE-481E-93E6-50026957A06F}.Release|x64.Build.0 = Release|Any CPU
		{F9F01363-B8BE-481E-93E6-50026957A06F}.Release|x86.ActiveCfg = Release|Any CPU
		{F9F01363-B8BE-481E-93E6-50026957A06F}.Release|x86.Build.0 = Release|Any CPU
		{235A2E38-06C4-4D79-8B3A-8F9960DE6CCD}.Debug|Any CPU.ActiveCfg = Debug|Any CPU
		{235A2E38-06C4-4D79-8B3A-8F9960DE6CCD}.Debug|Any CPU.Build.0 = Debug|Any CPU
		{235A2E38-06C4-4D79-8B3A-8F9960DE6CCD}.Debug|x64.ActiveCfg = Debug|Any CPU
		{235A2E38-06C4-4D79-8B3A-8F9960DE6CCD}.Debug|x64.Build.0 = Debug|Any CPU
		{235A2E38-06C4-4D79-8B3A-8F9960DE6CCD}.Debug|x86.ActiveCfg = Debug|Any CPU
		{235A2E38-06C4-4D79-8B3A-8F9960DE6CCD}.Debug|x86.Build.0 = Debug|Any CPU
		{235A2E38-06C4-4D79-8B3A-8F9960DE6CCD}.Release|Any CPU.ActiveCfg = Release|Any CPU
		{235A2E38-06C4-4D79-8B3A-8F9960DE6CCD}.Release|Any CPU.Build.0 = Release|Any CPU
		{235A2E38-06C4-4D79-8B3A-8F9960DE6CCD}.Release|x64.ActiveCfg = Release|Any CPU
		{235A2E38-06C4-4D79-8B3A-8F9960DE6CCD}.Release|x64.Build.0 = Release|Any CPU
		{235A2E38-06C4-4D79-8B3A-8F9960DE6CCD}.Release|x86.ActiveCfg = Release|Any CPU
		{235A2E38-06C4-4D79-8B3A-8F9960DE6CCD}.Release|x86.Build.0 = Release|Any CPU
		{6BDA1AE6-53B2-45D2-B059-4D670614132B}.Debug|Any CPU.ActiveCfg = Debug|Any CPU
		{6BDA1AE6-53B2-45D2-B059-4D670614132B}.Debug|Any CPU.Build.0 = Debug|Any CPU
		{6BDA1AE6-53B2-45D2-B059-4D670614132B}.Debug|x64.ActiveCfg = Debug|Any CPU
		{6BDA1AE6-53B2-45D2-B059-4D670614132B}.Debug|x64.Build.0 = Debug|Any CPU
		{6BDA1AE6-53B2-45D2-B059-4D670614132B}.Debug|x86.ActiveCfg = Debug|Any CPU
		{6BDA1AE6-53B2-45D2-B059-4D670614132B}.Debug|x86.Build.0 = Debug|Any CPU
		{6BDA1AE6-53B2-45D2-B059-4D670614132B}.Release|Any CPU.ActiveCfg = Release|Any CPU
		{6BDA1AE6-53B2-45D2-B059-4D670614132B}.Release|Any CPU.Build.0 = Release|Any CPU
		{6BDA1AE6-53B2-45D2-B059-4D670614132B}.Release|x64.ActiveCfg = Release|Any CPU
		{6BDA1AE6-53B2-45D2-B059-4D670614132B}.Release|x64.Build.0 = Release|Any CPU
		{6BDA1AE6-53B2-45D2-B059-4D670614132B}.Release|x86.ActiveCfg = Release|Any CPU
		{6BDA1AE6-53B2-45D2-B059-4D670614132B}.Release|x86.Build.0 = Release|Any CPU
	EndGlobalSection
	GlobalSection(SolutionProperties) = preSolution
		HideSolutionNode = FALSE
	EndGlobalSection
	GlobalSection(NestedProjects) = preSolution
		{F9F01363-B8BE-481E-93E6-50026957A06F} = {827E0CD3-B72D-47B6-A68D-7590B98EB39B}
		{235A2E38-06C4-4D79-8B3A-8F9960DE6CCD} = {827E0CD3-B72D-47B6-A68D-7590B98EB39B}
		{6BDA1AE6-53B2-45D2-B059-4D670614132B} = {827E0CD3-B72D-47B6-A68D-7590B98EB39B}
	EndGlobalSection
EndGlobal
